
Microsoft Visual Studio Solution File, Format Version 12.00
# Visual Studio Version 16
VisualStudioVersion = 16.0.30523.141
MinimumVisualStudioVersion = 10.0.40219.1
Project("{FAE04EC0-301F-11D3-BF4B-00C04F79EFBC}") = "Tabula", "Tabula.csproj", "{7BEBADD7-5ACB-4998-AA37-6E07C48E5262}"
EndProject
Global
	GlobalSection(SolutionConfigurationPlatforms) = preSolution
		Debug|Any CPU = Debug|Any CPU
		Release|Any CPU = Release|Any CPU
	EndGlobalSection
	GlobalSection(ProjectConfigurationPlatforms) = postSolution
		{7BEBADD7-5ACB-4998-AA37-6E07C48E5262}.Debug|Any CPU.ActiveCfg = Debug|Any CPU
		{7BEBADD7-5ACB-4998-AA37-6E07C48E5262}.Debug|Any CPU.Build.0 = Debug|Any CPU
		{7BEBADD7-5ACB-4998-AA37-6E07C48E5262}.Release|Any CPU.ActiveCfg = Release|Any CPU
		{7BEBADD7-5ACB-4998-AA37-6E07C48E5262}.Release|Any CPU.Build.0 = Release|Any CPU
	EndGlobalSection
	GlobalSection(SolutionProperties) = preSolution
		HideSolutionNode = FALSE
	EndGlobalSection
	GlobalSection(ExtensibilityGlobals) = postSolution
		SolutionGuid = {5DF54C87-119E-4CF2-8812-7D71D83F8F53}
	EndGlobalSection
EndGlobal
